
Microsoft Visual Studio Solution File, Format Version 12.00
# Visual Studio Version 17
VisualStudioVersion = 17.13.35818.85 d17.13
MinimumVisualStudioVersion = 10.0.40219.1
Project("{FAE04EC0-301F-11D3-BF4B-00C04F79EFBC}") = "MVCmovie", "MVCmovie\MVCmovie.csproj", "{AA660F77-C334-47AD-9D32-6B28F9ACA70B}"
EndProject
Global
	GlobalSection(SolutionConfigurationPlatforms) = preSolution
		Debug|Any CPU = Debug|Any CPU
		Release|Any CPU = Release|Any CPU
	EndGlobalSection
	GlobalSection(ProjectConfigurationPlatforms) = postSolution
		{AA660F77-C334-47AD-9D32-6B28F9ACA70B}.Debug|Any CPU.ActiveCfg = Debug|Any CPU
		{AA660F77-C334-47AD-9D32-6B28F9ACA70B}.Debug|Any CPU.Build.0 = Debug|Any CPU
		{AA660F77-C334-47AD-9D32-6B28F9ACA70B}.Release|Any CPU.ActiveCfg = Release|Any CPU
		{AA660F77-C334-47AD-9D32-6B28F9ACA70B}.Release|Any CPU.Build.0 = Release|Any CPU
	EndGlobalSection
	GlobalSection(SolutionProperties) = preSolution
		HideSolutionNode = FALSE
	EndGlobalSection
	GlobalSection(ExtensibilityGlobals) = postSolution
		SolutionGuid = {7CF7F19E-6B3E-44ED-8327-B0323B94D258}
	EndGlobalSection
EndGlobal
